
Microsoft Visual Studio Solution File, Format Version 12.00
# Visual Studio Version 16
VisualStudioVersion = 16.0.30621.155
MinimumVisualStudioVersion = 10.0.40219.1
Project("{FAE04EC0-301F-11D3-BF4B-00C04F79EFBC}") = "Calculator GUI", "Calculator GUI\Calculator GUI.csproj", "{7019F2DE-CF8E-4B08-990F-85F4412FAC05}"
EndProject
Global
	GlobalSection(SolutionConfigurationPlatforms) = preSolution
		Debug|Any CPU = Debug|Any CPU
		Release|Any CPU = Release|Any CPU
	EndGlobalSection
	GlobalSection(ProjectConfigurationPlatforms) = postSolution
		{7019F2DE-CF8E-4B08-990F-85F4412FAC05}.Debug|Any CPU.ActiveCfg = Debug|Any CPU
		{7019F2DE-CF8E-4B08-990F-85F4412FAC05}.Debug|Any CPU.Build.0 = Debug|Any CPU
		{7019F2DE-CF8E-4B08-990F-85F4412FAC05}.Release|Any CPU.ActiveCfg = Release|Any CPU
		{7019F2DE-CF8E-4B08-990F-85F4412FAC05}.Release|Any CPU.Build.0 = Release|Any CPU
	EndGlobalSection
	GlobalSection(SolutionProperties) = preSolution
		HideSolutionNode = FALSE
	EndGlobalSection
	GlobalSection(ExtensibilityGlobals) = postSolution
		SolutionGuid = {D7E1F93F-A747-4C1E-9DB5-C9AA1A53D9D9}
	EndGlobalSection
EndGlobal
